// !$*UTF8*$!
{
	archiveVersion = 1;
	classes = {
	};
	objectVersion = 50;
	objects = {

/* Begin PBXBuildFile section */
		A75F16EE23F6685600DC6E13 /* AppDelegate.swift in Sources */ = {isa = PBXBuildFile; fileRef = A75F16ED23F6685600DC6E13 /* AppDelegate.swift */; };
		A75F16F023F6685600DC6E13 /* SceneDelegate.swift in Sources */ = {isa = PBXBuildFile; fileRef = A75F16EF23F6685600DC6E13 /* SceneDelegate.swift */; };
		A75F16F223F6685600DC6E13 /* ContentView.swift in Sources */ = {isa = PBXBuildFile; fileRef = A75F16F123F6685600DC6E13 /* ContentView.swift */; };
		A75F16F423F6685700DC6E13 /* Assets.xcassets in Resources */ = {isa = PBXBuildFile; fileRef = A75F16F323F6685700DC6E13 /* Assets.xcassets */; };
		A75F16F723F6685700DC6E13 /* Preview Assets.xcassets in Resources */ = {isa = PBXBuildFile; fileRef = A75F16F623F6685700DC6E13 /* Preview Assets.xcassets */; };
		A75F16FA23F6685700DC6E13 /* LaunchScreen.storyboard in Resources */ = {isa = PBXBuildFile; fileRef = A75F16F823F6685700DC6E13 /* LaunchScreen.storyboard */; };
/* End PBXBuildFile section */

/* Begin PBXFileReference section */
		A75F16EA23F6685600DC6E13 /* group.lamantin.ios.test.project.app */ = {isa = PBXFileReference; explicitFileType = wrapper.application; includeInIndex = 0; path = group.lamantin.ios.test.project.app; sourceTree = BUILT_PRODUCTS_DIR; };
		A75F16ED23F6685600DC6E13 /* AppDelegate.swift */ = {isa = PBXFileReference; lastKnownFileType = sourcecode.swift; path = AppDelegate.swift; sourceTree = "<group>"; };
		A75F16EF23F6685600DC6E13 /* SceneDelegate.swift */ = {isa = PBXFileReference; lastKnownFileType = sourcecode.swift; path = SceneDelegate.swift; sourceTree = "<group>"; };
		A75F16F123F6685600DC6E13 /* ContentView.swift */ = {isa = PBXFileReference; lastKnownFileType = sourcecode.swift; path = ContentView.swift; sourceTree = "<group>"; };
		A75F16F323F6685700DC6E13 /* Assets.xcassets */ = {isa = PBXFileReference; lastKnownFileType = folder.assetcatalog; path = Assets.xcassets; sourceTree = "<group>"; };
		A75F16F623F6685700DC6E13 /* Preview Assets.xcassets */ = {isa = PBXFileReference; lastKnownFileType = folder.assetcatalog; path = "Preview Assets.xcassets"; sourceTree = "<group>"; };
		A75F16F923F6685700DC6E13 /* Base */ = {isa = PBXFileReference; lastKnownFileType = file.storyboard; name = Base; path = Base.lproj/LaunchScreen.storyboard; sourceTree = "<group>"; };
		A75F16FB23F6685700DC6E13 /* Info.plist */ = {isa = PBXFileReference; lastKnownFileType = text.plist.xml; path = Info.plist; sourceTree = "<group>"; };
/* End PBXFileReference section */

/* Begin PBXFrameworksBuildPhase section */
		A75F16E723F6685600DC6E13 /* Frameworks */ = {
			isa = PBXFrameworksBuildPhase;
			buildActionMask = 2147483647;
			files = (
			);
			runOnlyForDeploymentPostprocessing = 0;
		};
/* End PBXFrameworksBuildPhase section */

/* Begin PBXGroup section */
		A75F16E123F6685600DC6E13 = {
			isa = PBXGroup;
			children = (
				A75F16EC23F6685600DC6E13 /* group.lamantin.ios.test.project */,
				A75F16EB23F6685600DC6E13 /* Products */,
			);
			sourceTree = "<group>";
		};
		A75F16EB23F6685600DC6E13 /* Products */ = {
			isa = PBXGroup;
			children = (
				A75F16EA23F6685600DC6E13 /* group.lamantin.ios.test.project.app */,
			);
			name = Products;
			sourceTree = "<group>";
		};
		A75F16EC23F6685600DC6E13 /* group.lamantin.ios.test.project */ = {
			isa = PBXGroup;
			children = (
				A75F16ED23F6685600DC6E13 /* AppDelegate.swift */,
				A75F16EF23F6685600DC6E13 /* SceneDelegate.swift */,
				A75F16F123F6685600DC6E13 /* ContentView.swift */,
				A75F16F323F6685700DC6E13 /* Assets.xcassets */,
				A75F16F823F6685700DC6E13 /* LaunchScreen.storyboard */,
				A75F16FB23F6685700DC6E13 /* Info.plist */,
				A75F16F523F6685700DC6E13 /* Preview Content */,
			);
			path = group.lamantin.ios.test.project;
			sourceTree = "<group>";
		};
		A75F16F523F6685700DC6E13 /* Preview Content */ = {
			isa = PBXGroup;
			children = (
				A75F16F623F6685700DC6E13 /* Preview Assets.xcassets */,
			);
			path = "Preview Content";
			sourceTree = "<group>";
		};
/* End PBXGroup section */

/* Begin PBXNativeTarget section */
		A75F16E923F6685600DC6E13 /* group.lamantin.ios.test.project */ = {
			isa = PBXNativeTarget;
			buildConfigurationList = A75F16FE23F6685700DC6E13 /* Build configuration list for PBXNativeTarget "group.lamantin.ios.test.project" */;
			buildPhases = (
				A75F16E623F6685600DC6E13 /* Sources */,
				A75F16E723F6685600DC6E13 /* Frameworks */,
				A75F16E823F6685600DC6E13 /* Resources */,
			);
			buildRules = (
			);
			dependencies = (
			);
			name = group.lamantin.ios.test.project;
			productName = group.lamantin.ios.test.project;
			productReference = A75F16EA23F6685600DC6E13 /* group.lamantin.ios.test.project.app */;
			productType = "com.apple.product-type.application";
		};
/* End PBXNativeTarget section */

/* Begin PBXProject section */
		A75F16E223F6685600DC6E13 /* Project object */ = {
			isa = PBXProject;
			attributes = {
				LastSwiftUpdateCheck = 1130;
				LastUpgradeCheck = 1130;
				ORGANIZATIONNAME = whalemare;
				TargetAttributes = {
					A75F16E923F6685600DC6E13 = {
						CreatedOnToolsVersion = 11.3.1;
					};
				};
			};
			buildConfigurationList = A75F16E523F6685600DC6E13 /* Build configuration list for PBXProject "group.lamantin.ios.test.project" */;
			compatibilityVersion = "Xcode 9.3";
			developmentRegion = en;
			hasScannedForEncodings = 0;
			knownRegions = (
				en,
				Base,
			);
			mainGroup = A75F16E123F6685600DC6E13;
			productRefGroup = A75F16EB23F6685600DC6E13 /* Products */;
			projectDirPath = "";
			projectRoot = "";
			targets = (
				A75F16E923F6685600DC6E13 /* group.lamantin.ios.test.project */,
			);
		};
/* End PBXProject section */

/* Begin PBXResourcesBuildPhase section */
		A75F16E823F6685600DC6E13 /* Resources */ = {
			isa = PBXResourcesBuildPhase;
			buildActionMask = 2147483647;
			files = (
				A75F16FA23F6685700DC6E13 /* LaunchScreen.storyboard in Resources */,
				A75F16F723F6685700DC6E13 /* Preview Assets.xcassets in Resources */,
				A75F16F423F6685700DC6E13 /* Assets.xcassets in Resources */,
			);
			runOnlyForDeploymentPostprocessing = 0;
		};
/* End PBXResourcesBuildPhase section */

/* Begin PBXSourcesBuildPhase section */
		A75F16E623F6685600DC6E13 /* Sources */ = {
			isa = PBXSourcesBuildPhase;
			buildActionMask = 2147483647;
			files = (
				A75F16EE23F6685600DC6E13 /* AppDelegate.swift in Sources */,
				A75F16F023F6685600DC6E13 /* SceneDelegate.swift in Sources */,
				A75F16F223F6685600DC6E13 /* ContentView.swift in Sources */,
			);
			runOnlyForDeploymentPostprocessing = 0;
		};
/* End PBXSourcesBuildPhase section */

/* Begin PBXVariantGroup section */
		A75F16F823F6685700DC6E13 /* LaunchScreen.storyboard */ = {
			isa = PBXVariantGroup;
			children = (
				A75F16F923F6685700DC6E13 /* Base */,
			);
			name = LaunchScreen.storyboard;
			sourceTree = "<group>";
		};
/* End PBXVariantGroup section */

/* Begin XCBuildConfiguration section */
		A75F16FC23F6685700DC6E13 /* Debug */ = {
			isa = XCBuildConfiguration;
			buildSettings = {
				ALWAYS_SEARCH_USER_PATHS = NO;
				CLANG_ANALYZER_NONNULL = YES;
				CLANG_ANALYZER_NUMBER_OBJECT_CONVERSION = YES_AGGRESSIVE;
				CLANG_CXX_LANGUAGE_STANDARD = "gnu++14";
				CLANG_CXX_LIBRARY = "libc++";
				CLANG_ENABLE_MODULES = YES;
				CLANG_ENABLE_OBJC_ARC = YES;
				CLANG_ENABLE_OBJC_WEAK = YES;
				CLANG_WARN_BLOCK_CAPTURE_AUTORELEASING = YES;
				CLANG_WARN_BOOL_CONVERSION = YES;
				CLANG_WARN_COMMA = YES;
				CLANG_WARN_CONSTANT_CONVERSION = YES;
				CLANG_WARN_DEPRECATED_OBJC_IMPLEMENTATIONS = YES;
				CLANG_WARN_DIRECT_OBJC_ISA_USAGE = YES_ERROR;
				CLANG_WARN_DOCUMENTATION_COMMENTS = YES;
				CLANG_WARN_EMPTY_BODY = YES;
				CLANG_WARN_ENUM_CONVERSION = YES;
				CLANG_WARN_INFINITE_RECURSION = YES;
				CLANG_WARN_INT_CONVERSION = YES;
				CLANG_WARN_NON_LITERAL_NULL_CONVERSION = YES;
				CLANG_WARN_OBJC_IMPLICIT_RETAIN_SELF = YES;
				CLANG_WARN_OBJC_LITERAL_CONVERSION = YES;
				CLANG_WARN_OBJC_ROOT_CLASS = YES_ERROR;
				CLANG_WARN_RANGE_LOOP_ANALYSIS = YES;
				CLANG_WARN_STRICT_PROTOTYPES = YES;
				CLANG_WARN_SUSPICIOUS_MOVE = YES;
				CLANG_WARN_UNGUARDED_AVAILABILITY = YES_AGGRESSIVE;
				CLANG_WARN_UNREACHABLE_CODE = YES;
				CLANG_WARN__DUPLICATE_METHOD_MATCH = YES;
				COPY_PHASE_STRIP = NO;
				DEBUG_INFORMATION_FORMAT = dwarf;
				ENABLE_STRICT_OBJC_MSGSEND = YES;
				ENABLE_TESTABILITY = YES;
				GCC_C_LANGUAGE_STANDARD = gnu11;
				GCC_DYNAMIC_NO_PIC = NO;
				GCC_NO_COMMON_BLOCKS = YES;
				GCC_OPTIMIZATION_LEVEL = 0;
				GCC_PREPROCESSOR_DEFINITIONS = (
					"DEBUG=1",
					"$(inherited)",
				);
				GCC_WARN_64_TO_32_BIT_CONVERSION = YES;
				GCC_WARN_ABOUT_RETURN_TYPE = YES_ERROR;
				GCC_WARN_UNDECLARED_SELECTOR = YES;
				GCC_WARN_UNINITIALIZED_AUTOS = YES_AGGRESSIVE;
				GCC_WARN_UNUSED_FUNCTION = YES;
				GCC_WARN_UNUSED_VARIABLE = YES;
				IPHONEOS_DEPLOYMENT_TARGET = 13.2;
				MTL_ENABLE_DEBUG_INFO = INCLUDE_SOURCE;
				MTL_FAST_MATH = YES;
				ONLY_ACTIVE_ARCH = YES;
				SDKROOT = iphoneos;
				SWIFT_ACTIVE_COMPILATION_CONDITIONS = DEBUG;
				SWIFT_OPTIMIZATION_LEVEL = "-Onone";
			};
			name = Debug;
		};
		A75F16FD23F6685700DC6E13 /* Release */ = {
			isa = XCBuildConfiguration;
			buildSettings = {
				ALWAYS_SEARCH_USER_PATHS = NO;
				CLANG_ANALYZER_NONNULL = YES;
				CLANG_ANALYZER_NUMBER_OBJECT_CONVERSION = YES_AGGRESSIVE;
				CLANG_CXX_LANGUAGE_STANDARD = "gnu++14";
				CLANG_CXX_LIBRARY = "libc++";
				CLANG_ENABLE_MODULES = YES;
				CLANG_ENABLE_OBJC_ARC = YES;
				CLANG_ENABLE_OBJC_WEAK = YES;
				CLANG_WARN_BLOCK_CAPTURE_AUTORELEASING = YES;
				CLANG_WARN_BOOL_CONVERSION = YES;
				CLANG_WARN_COMMA = YES;
				CLANG_WARN_CONSTANT_CONVERSION = YES;
				CLANG_WARN_DEPRECATED_OBJC_IMPLEMENTATIONS = YES;
				CLANG_WARN_DIRECT_OBJC_ISA_USAGE = YES_ERROR;
				CLANG_WARN_DOCUMENTATION_COMMENTS = YES;
				CLANG_WARN_EMPTY_BODY = YES;
				CLANG_WARN_ENUM_CONVERSION = YES;
				CLANG_WARN_INFINITE_RECURSION = YES;
				CLANG_WARN_INT_CONVERSION = YES;
				CLANG_WARN_NON_LITERAL_NULL_CONVERSION = YES;
				CLANG_WARN_OBJC_IMPLICIT_RETAIN_SELF = YES;
				CLANG_WARN_OBJC_LITERAL_CONVERSION = YES;
				CLANG_WARN_OBJC_ROOT_CLASS = YES_ERROR;
				CLANG_WARN_RANGE_LOOP_ANALYSIS = YES;
				CLANG_WARN_STRICT_PROTOTYPES = YES;
				CLANG_WARN_SUSPICIOUS_MOVE = YES;
				CLANG_WARN_UNGUARDED_AVAILABILITY = YES_AGGRESSIVE;
				CLANG_WARN_UNREACHABLE_CODE = YES;
				CLANG_WARN__DUPLICATE_METHOD_MATCH = YES;
				COPY_PHASE_STRIP = NO;
				DEBUG_INFORMATION_FORMAT = "dwarf-with-dsym";
				ENABLE_NS_ASSERTIONS = NO;
				ENABLE_STRICT_OBJC_MSGSEND = YES;
				GCC_C_LANGUAGE_STANDARD = gnu11;
				GCC_NO_COMMON_BLOCKS = YES;
				GCC_WARN_64_TO_32_BIT_CONVERSION = YES;
				GCC_WARN_ABOUT_RETURN_TYPE = YES_ERROR;
				GCC_WARN_UNDECLARED_SELECTOR = YES;
				GCC_WARN_UNINITIALIZED_AUTOS = YES_AGGRESSIVE;
				GCC_WARN_UNUSED_FUNCTION = YES;
				GCC_WARN_UNUSED_VARIABLE = YES;
				IPHONEOS_DEPLOYMENT_TARGET = 13.2;
				MTL_ENABLE_DEBUG_INFO = NO;
				MTL_FAST_MATH = YES;
				SDKROOT = iphoneos;
				SWIFT_COMPILATION_MODE = wholemodule;
				SWIFT_OPTIMIZATION_LEVEL = "-O";
				VALIDATE_PRODUCT = YES;
			};
			name = Release;
		};
		A75F16FF23F6685700DC6E13 /* Debug */ = {
			isa = XCBuildConfiguration;
			buildSettings = {
				ASSETCATALOG_COMPILER_APPICON_NAME = AppIcon;
				CODE_SIGN_STYLE = Automatic;
				CURRENT_PROJECT_VERSION = 1;
				DEVELOPMENT_ASSET_PATHS = "\"group.lamantin.ios.test.project/Preview Content\"";
				DEVELOPMENT_TEAM = P3C9PK6QV7;
				ENABLE_PREVIEWS = YES;
				INFOPLIST_FILE = group.lamantin.ios.test.project/Info.plist;
				LD_RUNPATH_SEARCH_PATHS = (
					"$(inherited)",
					"@executable_path/Frameworks",
				);
				MARKETING_VERSION = 1.0.0;
				PRODUCT_BUNDLE_IDENTIFIER = "whalemare.group-lamantin-ios-test-project";
				PRODUCT_NAME = "$(TARGET_NAME)";
				SWIFT_VERSION = 5.0;
				TARGETED_DEVICE_FAMILY = "1,2";
				VERSIONING_SYSTEM = "apple-generic";
			};
			name = Debug;
		};
		A75F170023F6685700DC6E13 /* Release */ = {
			isa = XCBuildConfiguration;
			buildSettings = {
				ASSETCATALOG_COMPILER_APPICON_NAME = AppIcon;
				CODE_SIGN_STYLE = Automatic;
				CURRENT_PROJECT_VERSION = 1;
				DEVELOPMENT_ASSET_PATHS = "\"group.lamantin.ios.test.project/Preview Content\"";
				DEVELOPMENT_TEAM = P3C9PK6QV7;
				ENABLE_PREVIEWS = YES;
				INFOPLIST_FILE = group.lamantin.ios.test.project/Info.plist;
				LD_RUNPATH_SEARCH_PATHS = (
					"$(inherited)",
					"@executable_path/Frameworks",
				);
				MARKETING_VERSION = 1.0.0;
				PRODUCT_BUNDLE_IDENTIFIER = "whalemare.group-lamantin-ios-test-project";
				PRODUCT_NAME = "$(TARGET_NAME)";
				SWIFT_VERSION = 5.0;
				TARGETED_DEVICE_FAMILY = "1,2";
				VERSIONING_SYSTEM = "apple-generic";
			};
			name = Release;
		};
/* End XCBuildConfiguration section */

/* Begin XCConfigurationList section */
		A75F16E523F6685600DC6E13 /* Build configuration list for PBXProject "group.lamantin.ios.test.project" */ = {
			isa = XCConfigurationList;
			buildConfigurations = (
				A75F16FC23F6685700DC6E13 /* Debug */,
				A75F16FD23F6685700DC6E13 /* Release */,
			);
			defaultConfigurationIsVisible = 0;
			defaultConfigurationName = Release;
		};
		A75F16FE23F6685700DC6E13 /* Build configuration list for PBXNativeTarget "group.lamantin.ios.test.project" */ = {
			isa = XCConfigurationList;
			buildConfigurations = (
				A75F16FF23F6685700DC6E13 /* Debug */,
				A75F170023F6685700DC6E13 /* Release */,
			);
			defaultConfigurationIsVisible = 0;
			defaultConfigurationName = Release;
		};
/* End XCConfigurationList section */
	};
	rootObject = A75F16E223F6685600DC6E13 /* Project object */;
}
